
Microsoft Visual Studio Solution File, Format Version 12.00
# Visual Studio Version 17
VisualStudioVersion = 17.9.34902.65
MinimumVisualStudioVersion = 10.0.40219.1
Project("{9A19103F-16F7-4668-BE54-9A1E7A4F7556}") = "Composition", "CleverensSoft\Composition.csproj", "{9AB4A050-35B0-4525-9C92-DDF53D7DBFBA}"
EndProject
Project("{9A19103F-16F7-4668-BE54-9A1E7A4F7556}") = "StringCompressionTask", "StringCompressionTask\StringCompressionTask.csproj", "{F11F2008-7E33-4830-B8DD-2BEDB22F6799}"
EndProject
Global
	GlobalSection(SolutionConfigurationPlatforms) = preSolution
		Debug|Any CPU = Debug|Any CPU
		Release|Any CPU = Release|Any CPU
	EndGlobalSection
	GlobalSection(ProjectConfigurationPlatforms) = postSolution
		{9AB4A050-35B0-4525-9C92-DDF53D7DBFBA}.Debug|Any CPU.ActiveCfg = Debug|Any CPU
		{9AB4A050-35B0-4525-9C92-DDF53D7DBFBA}.Debug|Any CPU.Build.0 = Debug|Any CPU
		{9AB4A050-35B0-4525-9C92-DDF53D7DBFBA}.Release|Any CPU.ActiveCfg = Release|Any CPU
		{9AB4A050-35B0-4525-9C92-DDF53D7DBFBA}.Release|Any CPU.Build.0 = Release|Any CPU
		{F11F2008-7E33-4830-B8DD-2BEDB22F6799}.Debug|Any CPU.ActiveCfg = Debug|Any CPU
		{F11F2008-7E33-4830-B8DD-2BEDB22F6799}.Debug|Any CPU.Build.0 = Debug|Any CPU
		{F11F2008-7E33-4830-B8DD-2BEDB22F6799}.Release|Any CPU.ActiveCfg = Release|Any CPU
		{F11F2008-7E33-4830-B8DD-2BEDB22F6799}.Release|Any CPU.Build.0 = Release|Any CPU
	EndGlobalSection
	GlobalSection(SolutionProperties) = preSolution
		HideSolutionNode = FALSE
	EndGlobalSection
	GlobalSection(ExtensibilityGlobals) = postSolution
		SolutionGuid = {8906393C-6AC2-47CB-9714-AAF86872EF16}
	EndGlobalSection
EndGlobal
